
Microsoft Visual Studio Solution File, Format Version 12.00
# Visual Studio Version 17
VisualStudioVersion = 17.12.35506.116 d17.12
MinimumVisualStudioVersion = 10.0.40219.1
Project("{8BC9CEB8-8B4A-11D0-8D11-00A0C91BC942}") = "IKPAHM", "IKPAHM\IKPAHM.vcxproj", "{DFF43560-4D96-4D4E-AD51-28767EFE6E14}"
EndProject
Project("{8BC9CEB8-8B4A-11D0-8D11-00A0C91BC942}") = "Common", "Common\Common.vcxproj", "{982F38ED-F133-4042-972F-267EA9659CEC}"
EndProject
Global
	GlobalSection(SolutionConfigurationPlatforms) = preSolution
		Debug|x64 = Debug|x64
		Debug|x86 = Debug|x86
		Release|x64 = Release|x64
		Release|x86 = Release|x86
	EndGlobalSection
	GlobalSection(ProjectConfigurationPlatforms) = postSolution
		{DFF43560-4D96-4D4E-AD51-28767EFE6E14}.Debug|x64.ActiveCfg = Debug|x64
		{DFF43560-4D96-4D4E-AD51-28767EFE6E14}.Debug|x64.Build.0 = Debug|x64
		{DFF43560-4D96-4D4E-AD51-28767EFE6E14}.Debug|x86.ActiveCfg = Debug|Win32
		{DFF43560-4D96-4D4E-AD51-28767EFE6E14}.Debug|x86.Build.0 = Debug|Win32
		{DFF43560-4D96-4D4E-AD51-28767EFE6E14}.Release|x64.ActiveCfg = Release|x64
		{DFF43560-4D96-4D4E-AD51-28767EFE6E14}.Release|x64.Build.0 = Release|x64
		{DFF43560-4D96-4D4E-AD51-28767EFE6E14}.Release|x86.ActiveCfg = Release|Win32
		{DFF43560-4D96-4D4E-AD51-28767EFE6E14}.Release|x86.Build.0 = Release|Win32
		{982F38ED-F133-4042-972F-267EA9659CEC}.Debug|x64.ActiveCfg = Debug|x64
		{982F38ED-F133-4042-972F-267EA9659CEC}.Debug|x64.Build.0 = Debug|x64
		{982F38ED-F133-4042-972F-267EA9659CEC}.Debug|x86.ActiveCfg = Debug|Win32
		{982F38ED-F133-4042-972F-267EA9659CEC}.Debug|x86.Build.0 = Debug|Win32
		{982F38ED-F133-4042-972F-267EA9659CEC}.Release|x64.ActiveCfg = Release|x64
		{982F38ED-F133-4042-972F-267EA9659CEC}.Release|x64.Build.0 = Release|x64
		{982F38ED-F133-4042-972F-267EA9659CEC}.Release|x86.ActiveCfg = Release|Win32
		{982F38ED-F133-4042-972F-267EA9659CEC}.Release|x86.Build.0 = Release|Win32
	EndGlobalSection
	GlobalSection(SolutionProperties) = preSolution
		HideSolutionNode = FALSE
	EndGlobalSection
EndGlobal
